<?xml version="1.0" encoding="utf-8"?>
<Project ToolsVersion="4.0" xmlns="http://schemas.microsoft.com/developer/msbuild/2003">
  <ItemGroup>
    <Filter Include="Src">
      <UniqueIdentifier>{1787d0a3-35b1-4b1a-8240-7d4288497fc1}</UniqueIdentifier>
    </Filter>
    <Filter Include="Src\Effects">
      <UniqueIdentifier>{c618bb8a-3f66-435f-8470-68e29d481723}</UniqueIdentifier>
    </Filter>
    <Filter Include="Doc">
      <UniqueIdentifier>{f8be0cb4-320d-4daa-ae6e-032d197328d8}</UniqueIdentifier>
    </Filter>
    <Filter Include="Src\Resources">
      <UniqueIdentifier>{823d1b4b-cfa2-4d1c-9ce6-ccdc2224e3f4}</UniqueIdentifier>
    </Filter>
  </ItemGroup>
  <ItemGroup>
    <ClCompile Include="Src\LL3D\Application.cpp">
      <Filter>Src</Filter>
    </ClCompile>
    <ClCompile Include="Src\LL3D\Camera.cpp">
      <Filter>Src</Filter>
    </ClCompile>
    <ClCompile Include="Src\LL3D\Engine.cpp">
      <Filter>Src</Filter>
    </ClCompile>
    <ClCompile Include="Src\LL3D\Stopwatch.cpp">
      <Filter>Src</Filter>
    </ClCompile>
    <ClCompile Include="Src\LL3D\Window.cpp">
      <Filter>Src</Filter>
    </ClCompile>
    <ClCompile Include="Src\LL3D\Type.cpp">
      <Filter>Src</Filter>
    </ClCompile>
    <ClCompile Include="Src\LL3D\Debug.cpp">
      <Filter>Src</Filter>
    </ClCompile>
    <ClCompile Include="Src\LL3D\Main.cpp">
      <Filter>Src</Filter>
    </ClCompile>
    <ClCompile Include="Src\LL3D\Encoding.cpp">
      <Filter>Src</Filter>
    </ClCompile>
    <ClCompile Include="Src\LL3D\Mesh.cpp">
      <Filter>Src</Filter>
    </ClCompile>
    <ClCompile Include="Src\LL3D\Event.cpp" />
    <ClCompile Include="Src\LL3D\EditorCamera.cpp">
      <Filter>Src</Filter>
    </ClCompile>
    <ClCompile Include="Src\LL3D\FirstPersonalCamera.cpp">
      <Filter>Src</Filter>
    </ClCompile>
  </ItemGroup>
  <ItemGroup>
    <ClInclude Include="Src\LL3D\Application.h">
      <Filter>Src</Filter>
    </ClInclude>
    <ClInclude Include="Src\LL3D\Camera.h">
      <Filter>Src</Filter>
    </ClInclude>
    <ClInclude Include="Src\LL3D\Engine.h">
      <Filter>Src</Filter>
    </ClInclude>
    <ClInclude Include="Src\LL3D\Stopwatch.h">
      <Filter>Src</Filter>
    </ClInclude>
    <ClInclude Include="Src\LL3D\Window.h">
      <Filter>Src</Filter>
    </ClInclude>
    <ClInclude Include="Src\LL3D\Type.h">
      <Filter>Src</Filter>
    </ClInclude>
    <ClInclude Include="Src\LL3D\Event.h">
      <Filter>Src</Filter>
    </ClInclude>
    <ClInclude Include="Src\LL3D\Debug.h">
      <Filter>Src</Filter>
    </ClInclude>
    <ClInclude Include="Src\LL3D\Effect.h">
      <Filter>Src</Filter>
    </ClInclude>
    <ClInclude Include="Src\LL3D\Color.h">
      <Filter>Src</Filter>
    </ClInclude>
    <ClInclude Include="Src\LL3D\Vertex.h">
      <Filter>Src</Filter>
    </ClInclude>
    <ClInclude Include="Src\LL3D\Encoding.h">
      <Filter>Src</Filter>
    </ClInclude>
    <ClInclude Include="Src\LL3D\Mesh.h">
      <Filter>Src</Filter>
    </ClInclude>
    <ClInclude Include="Src\LL3D\Resources\resource.h">
      <Filter>Src\Resources</Filter>
    </ClInclude>
    <ClInclude Include="Src\LL3D\EditorCamera.h">
      <Filter>Src</Filter>
    </ClInclude>
    <ClInclude Include="Src\LL3D\FirstPersonalCamera.h">
      <Filter>Src</Filter>
    </ClInclude>
  </ItemGroup>
  <ItemGroup>
    <None Include="README.md" />
    <None Include="Doc\Coding Conversion.md">
      <Filter>Doc</Filter>
    </None>
  </ItemGroup>
  <ItemGroup>
    <CustomBuild Include="Src\LL3D\Effects\color.fx">
      <Filter>Src\Effects</Filter>
    </CustomBuild>
  </ItemGroup>
  <ItemGroup>
    <Image Include="Bin\Resources\Application.ico">
      <Filter>Src\Resources</Filter>
    </Image>
  </ItemGroup>
  <ItemGroup>
    <ResourceCompile Include="Src\LL3D\Resources\LL3D.rc">
      <Filter>Src\Resources</Filter>
    </ResourceCompile>
  </ItemGroup>
</Project>