
Microsoft Visual Studio Solution File, Format Version 12.00
# Visual Studio 14
VisualStudioVersion = 14.0.24720.0
MinimumVisualStudioVersion = 10.0.40219.1
Project("{8BC9CEB8-8B4A-11D0-8D11-00A0C91BC942}") = "Engine", "Engine\Engine.vcxproj", "{543B5569-7C16-41AF-95A2-62E39C0576BD}"
	ProjectSection(ProjectDependencies) = postProject
		{DF460EAB-570D-4B50-9089-2E2FC801BF38} = {DF460EAB-570D-4B50-9089-2E2FC801BF38}
	EndProjectSection
EndProject
Project("{8BC9CEB8-8B4A-11D0-8D11-00A0C91BC942}") = "Editor", "Editor\Editor.vcxproj", "{7AA4C43B-094F-4F3C-AA48-6ABE085C564A}"
	ProjectSection(ProjectDependencies) = postProject
		{926E051C-FF60-4871-9200-62F8547F61FF} = {926E051C-FF60-4871-9200-62F8547F61FF}
		{543B5569-7C16-41AF-95A2-62E39C0576BD} = {543B5569-7C16-41AF-95A2-62E39C0576BD}
		{AB25988C-7F8C-378B-8A21-D503B043023D} = {AB25988C-7F8C-378B-8A21-D503B043023D}
	EndProjectSection
EndProject
Project("{8BC9CEB8-8B4A-11D0-8D11-00A0C91BC942}") = "Effects11", "ThirdParty\FX11\Effects11_2015.vcxproj", "{DF460EAB-570D-4B50-9089-2E2FC801BF38}"
EndProject
Project("{8BC9CEB8-8B4A-11D0-8D11-00A0C91BC942}") = "json11", "ThirdParty\json11\json11.vcxproj", "{926E051C-FF60-4871-9200-62F8547F61FF}"
EndProject
Project("{8BC9CEB8-8B4A-11D0-8D11-00A0C91BC942}") = "DirectXTK_Desktop_2015", "ThirdParty\DirectXTK\DirectXTK_Desktop_2015.vcxproj", "{E0B52AE7-E160-4D32-BF3F-910B785E5A8E}"
EndProject
Project("{8BC9CEB8-8B4A-11D0-8D11-00A0C91BC942}") = "Test", "Test\Test.vcxproj", "{D7E7C556-7292-4D61-8078-0081E6EBDFE8}"
EndProject
Project("{8BC9CEB8-8B4A-11D0-8D11-00A0C91BC942}") = "assimp", "Engine\ThirdParty\assimp\code\assimp.vcxproj", "{AB25988C-7F8C-378B-8A21-D503B043023D}"
EndProject
Project("{8BC9CEB8-8B4A-11D0-8D11-00A0C91BC942}") = "zlibstatic", "Engine\ThirdParty\assimp\contrib\zlib\zlibstatic.vcxproj", "{709E21E8-3D82-32E8-A2E3-17CEC4800706}"
EndProject
Global
	GlobalSection(SolutionConfigurationPlatforms) = preSolution
		Debug|x64 = Debug|x64
		Debug|x86 = Debug|x86
		MinSizeRel|x64 = MinSizeRel|x64
		MinSizeRel|x86 = MinSizeRel|x86
		Profile|x64 = Profile|x64
		Profile|x86 = Profile|x86
		Release|x64 = Release|x64
		Release|x86 = Release|x86
		RelWithDebInfo|x64 = RelWithDebInfo|x64
		RelWithDebInfo|x86 = RelWithDebInfo|x86
	EndGlobalSection
	GlobalSection(ProjectConfigurationPlatforms) = postSolution
		{543B5569-7C16-41AF-95A2-62E39C0576BD}.Debug|x64.ActiveCfg = Debug|x64
		{543B5569-7C16-41AF-95A2-62E39C0576BD}.Debug|x64.Build.0 = Debug|x64
		{543B5569-7C16-41AF-95A2-62E39C0576BD}.Debug|x86.ActiveCfg = Debug|Win32
		{543B5569-7C16-41AF-95A2-62E39C0576BD}.Debug|x86.Build.0 = Debug|Win32
		{543B5569-7C16-41AF-95A2-62E39C0576BD}.MinSizeRel|x64.ActiveCfg = Release|x64
		{543B5569-7C16-41AF-95A2-62E39C0576BD}.MinSizeRel|x64.Build.0 = Release|x64
		{543B5569-7C16-41AF-95A2-62E39C0576BD}.MinSizeRel|x86.ActiveCfg = Release|Win32
		{543B5569-7C16-41AF-95A2-62E39C0576BD}.MinSizeRel|x86.Build.0 = Release|Win32
		{543B5569-7C16-41AF-95A2-62E39C0576BD}.Profile|x64.ActiveCfg = Release|x64
		{543B5569-7C16-41AF-95A2-62E39C0576BD}.Profile|x64.Build.0 = Release|x64
		{543B5569-7C16-41AF-95A2-62E39C0576BD}.Profile|x86.ActiveCfg = Release|Win32
		{543B5569-7C16-41AF-95A2-62E39C0576BD}.Profile|x86.Build.0 = Release|Win32
		{543B5569-7C16-41AF-95A2-62E39C0576BD}.Release|x64.ActiveCfg = Release|x64
		{543B5569-7C16-41AF-95A2-62E39C0576BD}.Release|x64.Build.0 = Release|x64
		{543B5569-7C16-41AF-95A2-62E39C0576BD}.Release|x86.ActiveCfg = Release|Win32
		{543B5569-7C16-41AF-95A2-62E39C0576BD}.Release|x86.Build.0 = Release|Win32
		{543B5569-7C16-41AF-95A2-62E39C0576BD}.RelWithDebInfo|x64.ActiveCfg = Release|x64
		{543B5569-7C16-41AF-95A2-62E39C0576BD}.RelWithDebInfo|x64.Build.0 = Release|x64
		{543B5569-7C16-41AF-95A2-62E39C0576BD}.RelWithDebInfo|x86.ActiveCfg = Release|Win32
		{543B5569-7C16-41AF-95A2-62E39C0576BD}.RelWithDebInfo|x86.Build.0 = Release|Win32
		{7AA4C43B-094F-4F3C-AA48-6ABE085C564A}.Debug|x64.ActiveCfg = Debug|x64
		{7AA4C43B-094F-4F3C-AA48-6ABE085C564A}.Debug|x64.Build.0 = Debug|x64
		{7AA4C43B-094F-4F3C-AA48-6ABE085C564A}.Debug|x86.ActiveCfg = Debug|Win32
		{7AA4C43B-094F-4F3C-AA48-6ABE085C564A}.Debug|x86.Build.0 = Debug|Win32
		{7AA4C43B-094F-4F3C-AA48-6ABE085C564A}.MinSizeRel|x64.ActiveCfg = Release|x64
		{7AA4C43B-094F-4F3C-AA48-6ABE085C564A}.MinSizeRel|x64.Build.0 = Release|x64
		{7AA4C43B-094F-4F3C-AA48-6ABE085C564A}.MinSizeRel|x86.ActiveCfg = Release|Win32
		{7AA4C43B-094F-4F3C-AA48-6ABE085C564A}.MinSizeRel|x86.Build.0 = Release|Win32
		{7AA4C43B-094F-4F3C-AA48-6ABE085C564A}.Profile|x64.ActiveCfg = Release|x64
		{7AA4C43B-094F-4F3C-AA48-6ABE085C564A}.Profile|x64.Build.0 = Release|x64
		{7AA4C43B-094F-4F3C-AA48-6ABE085C564A}.Profile|x86.ActiveCfg = Release|Win32
		{7AA4C43B-094F-4F3C-AA48-6ABE085C564A}.Profile|x86.Build.0 = Release|Win32
		{7AA4C43B-094F-4F3C-AA48-6ABE085C564A}.Release|x64.ActiveCfg = Release|x64
		{7AA4C43B-094F-4F3C-AA48-6ABE085C564A}.Release|x64.Build.0 = Release|x64
		{7AA4C43B-094F-4F3C-AA48-6ABE085C564A}.Release|x86.ActiveCfg = Release|Win32
		{7AA4C43B-094F-4F3C-AA48-6ABE085C564A}.Release|x86.Build.0 = Release|Win32
		{7AA4C43B-094F-4F3C-AA48-6ABE085C564A}.RelWithDebInfo|x64.ActiveCfg = Release|x64
		{7AA4C43B-094F-4F3C-AA48-6ABE085C564A}.RelWithDebInfo|x64.Build.0 = Release|x64
		{7AA4C43B-094F-4F3C-AA48-6ABE085C564A}.RelWithDebInfo|x86.ActiveCfg = Release|Win32
		{7AA4C43B-094F-4F3C-AA48-6ABE085C564A}.RelWithDebInfo|x86.Build.0 = Release|Win32
		{DF460EAB-570D-4B50-9089-2E2FC801BF38}.Debug|x64.ActiveCfg = Debug|x64
		{DF460EAB-570D-4B50-9089-2E2FC801BF38}.Debug|x64.Build.0 = Debug|x64
		{DF460EAB-570D-4B50-9089-2E2FC801BF38}.Debug|x86.ActiveCfg = Debug|Win32
		{DF460EAB-570D-4B50-9089-2E2FC801BF38}.Debug|x86.Build.0 = Debug|Win32
		{DF460EAB-570D-4B50-9089-2E2FC801BF38}.MinSizeRel|x64.ActiveCfg = Release|x64
		{DF460EAB-570D-4B50-9089-2E2FC801BF38}.MinSizeRel|x64.Build.0 = Release|x64
		{DF460EAB-570D-4B50-9089-2E2FC801BF38}.MinSizeRel|x86.ActiveCfg = Release|Win32
		{DF460EAB-570D-4B50-9089-2E2FC801BF38}.MinSizeRel|x86.Build.0 = Release|Win32
		{DF460EAB-570D-4B50-9089-2E2FC801BF38}.Profile|x64.ActiveCfg = Profile|x64
		{DF460EAB-570D-4B50-9089-2E2FC801BF38}.Profile|x64.Build.0 = Profile|x64
		{DF460EAB-570D-4B50-9089-2E2FC801BF38}.Profile|x86.ActiveCfg = Profile|Win32
		{DF460EAB-570D-4B50-9089-2E2FC801BF38}.Profile|x86.Build.0 = Profile|Win32
		{DF460EAB-570D-4B50-9089-2E2FC801BF38}.Release|x64.ActiveCfg = Release|x64
		{DF460EAB-570D-4B50-9089-2E2FC801BF38}.Release|x64.Build.0 = Release|x64
		{DF460EAB-570D-4B50-9089-2E2FC801BF38}.Release|x86.ActiveCfg = Release|Win32
		{DF460EAB-570D-4B50-9089-2E2FC801BF38}.Release|x86.Build.0 = Release|Win32
		{DF460EAB-570D-4B50-9089-2E2FC801BF38}.RelWithDebInfo|x64.ActiveCfg = Release|x64
		{DF460EAB-570D-4B50-9089-2E2FC801BF38}.RelWithDebInfo|x64.Build.0 = Release|x64
		{DF460EAB-570D-4B50-9089-2E2FC801BF38}.RelWithDebInfo|x86.ActiveCfg = Release|Win32
		{DF460EAB-570D-4B50-9089-2E2FC801BF38}.RelWithDebInfo|x86.Build.0 = Release|Win32
		{926E051C-FF60-4871-9200-62F8547F61FF}.Debug|x64.ActiveCfg = Debug|x64
		{926E051C-FF60-4871-9200-62F8547F61FF}.Debug|x64.Build.0 = Debug|x64
		{926E051C-FF60-4871-9200-62F8547F61FF}.Debug|x86.ActiveCfg = Debug|Win32
		{926E051C-FF60-4871-9200-62F8547F61FF}.Debug|x86.Build.0 = Debug|Win32
		{926E051C-FF60-4871-9200-62F8547F61FF}.MinSizeRel|x64.ActiveCfg = Release|x64
		{926E051C-FF60-4871-9200-62F8547F61FF}.MinSizeRel|x64.Build.0 = Release|x64
		{926E051C-FF60-4871-9200-62F8547F61FF}.MinSizeRel|x86.ActiveCfg = Release|Win32
		{926E051C-FF60-4871-9200-62F8547F61FF}.MinSizeRel|x86.Build.0 = Release|Win32
		{926E051C-FF60-4871-9200-62F8547F61FF}.Profile|x64.ActiveCfg = Release|x64
		{926E051C-FF60-4871-9200-62F8547F61FF}.Profile|x64.Build.0 = Release|x64
		{926E051C-FF60-4871-9200-62F8547F61FF}.Profile|x86.ActiveCfg = Release|Win32
		{926E051C-FF60-4871-9200-62F8547F61FF}.Profile|x86.Build.0 = Release|Win32
		{926E051C-FF60-4871-9200-62F8547F61FF}.Release|x64.ActiveCfg = Release|x64
		{926E051C-FF60-4871-9200-62F8547F61FF}.Release|x64.Build.0 = Release|x64
		{926E051C-FF60-4871-9200-62F8547F61FF}.Release|x86.ActiveCfg = Release|Win32
		{926E051C-FF60-4871-9200-62F8547F61FF}.Release|x86.Build.0 = Release|Win32
		{926E051C-FF60-4871-9200-62F8547F61FF}.RelWithDebInfo|x64.ActiveCfg = Release|x64
		{926E051C-FF60-4871-9200-62F8547F61FF}.RelWithDebInfo|x64.Build.0 = Release|x64
		{926E051C-FF60-4871-9200-62F8547F61FF}.RelWithDebInfo|x86.ActiveCfg = Release|Win32
		{926E051C-FF60-4871-9200-62F8547F61FF}.RelWithDebInfo|x86.Build.0 = Release|Win32
		{E0B52AE7-E160-4D32-BF3F-910B785E5A8E}.Debug|x64.ActiveCfg = Debug|x64
		{E0B52AE7-E160-4D32-BF3F-910B785E5A8E}.Debug|x64.Build.0 = Debug|x64
		{E0B52AE7-E160-4D32-BF3F-910B785E5A8E}.Debug|x86.ActiveCfg = Debug|Win32
		{E0B52AE7-E160-4D32-BF3F-910B785E5A8E}.Debug|x86.Build.0 = Debug|Win32
		{E0B52AE7-E160-4D32-BF3F-910B785E5A8E}.MinSizeRel|x64.ActiveCfg = Release|x64
		{E0B52AE7-E160-4D32-BF3F-910B785E5A8E}.MinSizeRel|x64.Build.0 = Release|x64
		{E0B52AE7-E160-4D32-BF3F-910B785E5A8E}.MinSizeRel|x86.ActiveCfg = Release|Win32
		{E0B52AE7-E160-4D32-BF3F-910B785E5A8E}.MinSizeRel|x86.Build.0 = Release|Win32
		{E0B52AE7-E160-4D32-BF3F-910B785E5A8E}.Profile|x64.ActiveCfg = Release|x64
		{E0B52AE7-E160-4D32-BF3F-910B785E5A8E}.Profile|x64.Build.0 = Release|x64
		{E0B52AE7-E160-4D32-BF3F-910B785E5A8E}.Profile|x86.ActiveCfg = Release|Win32
		{E0B52AE7-E160-4D32-BF3F-910B785E5A8E}.Profile|x86.Build.0 = Release|Win32
		{E0B52AE7-E160-4D32-BF3F-910B785E5A8E}.Release|x64.ActiveCfg = Release|x64
		{E0B52AE7-E160-4D32-BF3F-910B785E5A8E}.Release|x64.Build.0 = Release|x64
		{E0B52AE7-E160-4D32-BF3F-910B785E5A8E}.Release|x86.ActiveCfg = Release|Win32
		{E0B52AE7-E160-4D32-BF3F-910B785E5A8E}.Release|x86.Build.0 = Release|Win32
		{E0B52AE7-E160-4D32-BF3F-910B785E5A8E}.RelWithDebInfo|x64.ActiveCfg = Release|x64
		{E0B52AE7-E160-4D32-BF3F-910B785E5A8E}.RelWithDebInfo|x64.Build.0 = Release|x64
		{E0B52AE7-E160-4D32-BF3F-910B785E5A8E}.RelWithDebInfo|x86.ActiveCfg = Release|Win32
		{E0B52AE7-E160-4D32-BF3F-910B785E5A8E}.RelWithDebInfo|x86.Build.0 = Release|Win32
		{D7E7C556-7292-4D61-8078-0081E6EBDFE8}.Debug|x64.ActiveCfg = Debug|x64
		{D7E7C556-7292-4D61-8078-0081E6EBDFE8}.Debug|x64.Build.0 = Debug|x64
		{D7E7C556-7292-4D61-8078-0081E6EBDFE8}.Debug|x86.ActiveCfg = Debug|Win32
		{D7E7C556-7292-4D61-8078-0081E6EBDFE8}.Debug|x86.Build.0 = Debug|Win32
		{D7E7C556-7292-4D61-8078-0081E6EBDFE8}.MinSizeRel|x64.ActiveCfg = Release|x64
		{D7E7C556-7292-4D61-8078-0081E6EBDFE8}.MinSizeRel|x64.Build.0 = Release|x64
		{D7E7C556-7292-4D61-8078-0081E6EBDFE8}.MinSizeRel|x86.ActiveCfg = Release|Win32
		{D7E7C556-7292-4D61-8078-0081E6EBDFE8}.MinSizeRel|x86.Build.0 = Release|Win32
		{D7E7C556-7292-4D61-8078-0081E6EBDFE8}.Profile|x64.ActiveCfg = Release|x64
		{D7E7C556-7292-4D61-8078-0081E6EBDFE8}.Profile|x64.Build.0 = Release|x64
		{D7E7C556-7292-4D61-8078-0081E6EBDFE8}.Profile|x86.ActiveCfg = Release|Win32
		{D7E7C556-7292-4D61-8078-0081E6EBDFE8}.Profile|x86.Build.0 = Release|Win32
		{D7E7C556-7292-4D61-8078-0081E6EBDFE8}.Release|x64.ActiveCfg = Release|x64
		{D7E7C556-7292-4D61-8078-0081E6EBDFE8}.Release|x64.Build.0 = Release|x64
		{D7E7C556-7292-4D61-8078-0081E6EBDFE8}.Release|x86.ActiveCfg = Release|Win32
		{D7E7C556-7292-4D61-8078-0081E6EBDFE8}.Release|x86.Build.0 = Release|Win32
		{D7E7C556-7292-4D61-8078-0081E6EBDFE8}.RelWithDebInfo|x64.ActiveCfg = Release|x64
		{D7E7C556-7292-4D61-8078-0081E6EBDFE8}.RelWithDebInfo|x64.Build.0 = Release|x64
		{D7E7C556-7292-4D61-8078-0081E6EBDFE8}.RelWithDebInfo|x86.ActiveCfg = Release|Win32
		{D7E7C556-7292-4D61-8078-0081E6EBDFE8}.RelWithDebInfo|x86.Build.0 = Release|Win32
		{AB25988C-7F8C-378B-8A21-D503B043023D}.Debug|x64.ActiveCfg = Debug|x64
		{AB25988C-7F8C-378B-8A21-D503B043023D}.Debug|x64.Build.0 = Debug|x64
		{AB25988C-7F8C-378B-8A21-D503B043023D}.Debug|x86.ActiveCfg = Debug|Win32
		{AB25988C-7F8C-378B-8A21-D503B043023D}.Debug|x86.Build.0 = Debug|Win32
		{AB25988C-7F8C-378B-8A21-D503B043023D}.MinSizeRel|x64.ActiveCfg = MinSizeRel|x64
		{AB25988C-7F8C-378B-8A21-D503B043023D}.MinSizeRel|x64.Build.0 = MinSizeRel|x64
		{AB25988C-7F8C-378B-8A21-D503B043023D}.MinSizeRel|x86.ActiveCfg = MinSizeRel|Win32
		{AB25988C-7F8C-378B-8A21-D503B043023D}.MinSizeRel|x86.Build.0 = MinSizeRel|Win32
		{AB25988C-7F8C-378B-8A21-D503B043023D}.Profile|x64.ActiveCfg = MinSizeRel|x64
		{AB25988C-7F8C-378B-8A21-D503B043023D}.Profile|x64.Build.0 = MinSizeRel|x64
		{AB25988C-7F8C-378B-8A21-D503B043023D}.Profile|x86.ActiveCfg = Release|Win32
		{AB25988C-7F8C-378B-8A21-D503B043023D}.Profile|x86.Build.0 = Release|Win32
		{AB25988C-7F8C-378B-8A21-D503B043023D}.Release|x64.ActiveCfg = Release|x64
		{AB25988C-7F8C-378B-8A21-D503B043023D}.Release|x64.Build.0 = Release|x64
		{AB25988C-7F8C-378B-8A21-D503B043023D}.Release|x86.ActiveCfg = Release|Win32
		{AB25988C-7F8C-378B-8A21-D503B043023D}.Release|x86.Build.0 = Release|Win32
		{AB25988C-7F8C-378B-8A21-D503B043023D}.RelWithDebInfo|x64.ActiveCfg = RelWithDebInfo|x64
		{AB25988C-7F8C-378B-8A21-D503B043023D}.RelWithDebInfo|x64.Build.0 = RelWithDebInfo|x64
		{AB25988C-7F8C-378B-8A21-D503B043023D}.RelWithDebInfo|x86.ActiveCfg = RelWithDebInfo|Win32
		{AB25988C-7F8C-378B-8A21-D503B043023D}.RelWithDebInfo|x86.Build.0 = RelWithDebInfo|Win32
		{709E21E8-3D82-32E8-A2E3-17CEC4800706}.Debug|x64.ActiveCfg = Debug|x64
		{709E21E8-3D82-32E8-A2E3-17CEC4800706}.Debug|x64.Build.0 = Debug|x64
		{709E21E8-3D82-32E8-A2E3-17CEC4800706}.Debug|x86.ActiveCfg = Debug|Win32
		{709E21E8-3D82-32E8-A2E3-17CEC4800706}.Debug|x86.Build.0 = Debug|Win32
		{709E21E8-3D82-32E8-A2E3-17CEC4800706}.MinSizeRel|x64.ActiveCfg = MinSizeRel|x64
		{709E21E8-3D82-32E8-A2E3-17CEC4800706}.MinSizeRel|x64.Build.0 = MinSizeRel|x64
		{709E21E8-3D82-32E8-A2E3-17CEC4800706}.MinSizeRel|x86.ActiveCfg = MinSizeRel|Win32
		{709E21E8-3D82-32E8-A2E3-17CEC4800706}.MinSizeRel|x86.Build.0 = MinSizeRel|Win32
		{709E21E8-3D82-32E8-A2E3-17CEC4800706}.Profile|x64.ActiveCfg = MinSizeRel|x64
		{709E21E8-3D82-32E8-A2E3-17CEC4800706}.Profile|x64.Build.0 = MinSizeRel|x64
		{709E21E8-3D82-32E8-A2E3-17CEC4800706}.Profile|x86.ActiveCfg = Release|Win32
		{709E21E8-3D82-32E8-A2E3-17CEC4800706}.Profile|x86.Build.0 = Release|Win32
		{709E21E8-3D82-32E8-A2E3-17CEC4800706}.Release|x64.ActiveCfg = Release|x64
		{709E21E8-3D82-32E8-A2E3-17CEC4800706}.Release|x64.Build.0 = Release|x64
		{709E21E8-3D82-32E8-A2E3-17CEC4800706}.Release|x86.ActiveCfg = Release|Win32
		{709E21E8-3D82-32E8-A2E3-17CEC4800706}.Release|x86.Build.0 = Release|Win32
		{709E21E8-3D82-32E8-A2E3-17CEC4800706}.RelWithDebInfo|x64.ActiveCfg = RelWithDebInfo|x64
		{709E21E8-3D82-32E8-A2E3-17CEC4800706}.RelWithDebInfo|x64.Build.0 = RelWithDebInfo|x64
		{709E21E8-3D82-32E8-A2E3-17CEC4800706}.RelWithDebInfo|x86.ActiveCfg = RelWithDebInfo|Win32
		{709E21E8-3D82-32E8-A2E3-17CEC4800706}.RelWithDebInfo|x86.Build.0 = RelWithDebInfo|Win32
	EndGlobalSection
	GlobalSection(SolutionProperties) = preSolution
		HideSolutionNode = FALSE
	EndGlobalSection
EndGlobal
