<?xml version="1.0" encoding="utf-8"?>
<Project ToolsVersion="4.0" xmlns="http://schemas.microsoft.com/developer/msbuild/2003">
  <ItemGroup>
    <Filter Include="Source Files">
      <UniqueIdentifier>{1787d0a3-35b1-4b1a-8240-7d4288497fc1}</UniqueIdentifier>
    </Filter>
    <Filter Include="Source Files\Shaders">
      <UniqueIdentifier>{c618bb8a-3f66-435f-8470-68e29d481723}</UniqueIdentifier>
    </Filter>
    <Filter Include="Source Files\Core">
      <UniqueIdentifier>{86a989a2-6c88-4673-8f8d-7df2fc97bace}</UniqueIdentifier>
    </Filter>
  </ItemGroup>
  <ItemGroup>
    <ClCompile Include="Source\Camera.cpp">
      <Filter>Source Files</Filter>
    </ClCompile>
    <ClCompile Include="Source\Engine.cpp">
      <Filter>Source Files</Filter>
    </ClCompile>
    <ClCompile Include="Source\Stopwatch.cpp">
      <Filter>Source Files</Filter>
    </ClCompile>
    <ClCompile Include="Source\Window.cpp">
      <Filter>Source Files</Filter>
    </ClCompile>
    <ClCompile Include="Source\Debug.cpp">
      <Filter>Source Files</Filter>
    </ClCompile>
    <ClCompile Include="Source\Encoding.cpp">
      <Filter>Source Files</Filter>
    </ClCompile>
    <ClCompile Include="Source\FirstPersonalCamera.cpp">
      <Filter>Source Files</Filter>
    </ClCompile>
    <ClCompile Include="Source\Model.cpp">
      <Filter>Source Files</Filter>
    </ClCompile>
    <ClCompile Include="Source\UIEvents.cpp">
      <Filter>Source Files</Filter>
    </ClCompile>
    <ClCompile Include="Source\Game.cpp">
      <Filter>Source Files</Filter>
    </ClCompile>
    <ClCompile Include="Source\Effects.cpp">
      <Filter>Source Files</Filter>
    </ClCompile>
  </ItemGroup>
  <ItemGroup>
    <ClInclude Include="Source\Camera.h">
      <Filter>Source Files</Filter>
    </ClInclude>
    <ClInclude Include="Source\Engine.h">
      <Filter>Source Files</Filter>
    </ClInclude>
    <ClInclude Include="Source\Stopwatch.h">
      <Filter>Source Files</Filter>
    </ClInclude>
    <ClInclude Include="Source\Window.h">
      <Filter>Source Files</Filter>
    </ClInclude>
    <ClInclude Include="Source\Type.h">
      <Filter>Source Files</Filter>
    </ClInclude>
    <ClInclude Include="Source\Debug.h">
      <Filter>Source Files</Filter>
    </ClInclude>
    <ClInclude Include="Source\Color.h">
      <Filter>Source Files</Filter>
    </ClInclude>
    <ClInclude Include="Source\Encoding.h">
      <Filter>Source Files</Filter>
    </ClInclude>
    <ClInclude Include="Source\FirstPersonalCamera.h">
      <Filter>Source Files</Filter>
    </ClInclude>
    <ClInclude Include="Source\Material.h">
      <Filter>Source Files</Filter>
    </ClInclude>
    <ClInclude Include="Source\Model.h">
      <Filter>Source Files</Filter>
    </ClInclude>
    <ClInclude Include="Source\UIEvents.h">
      <Filter>Source Files</Filter>
    </ClInclude>
    <ClInclude Include="Source\Game.h">
      <Filter>Source Files</Filter>
    </ClInclude>
    <ClInclude Include="Source\Effects.h">
      <Filter>Source Files</Filter>
    </ClInclude>
    <ClInclude Include="Source\Lights.h">
      <Filter>Source Files</Filter>
    </ClInclude>
    <ClInclude Include="Source\Core\Uncopyable.h">
      <Filter>Source Files\Core</Filter>
    </ClInclude>
  </ItemGroup>
  <ItemGroup>
    <None Include="Source\Shaders\Light.fx">
      <Filter>Source Files\Shaders</Filter>
    </None>
    <None Include="Source\Shaders\Material.fx">
      <Filter>Source Files\Shaders</Filter>
    </None>
  </ItemGroup>
  <ItemGroup>
    <CustomBuild Include="Source\Shaders\Main.fx">
      <Filter>Source Files\Shaders</Filter>
    </CustomBuild>
  </ItemGroup>
</Project>